
Microsoft Visual Studio Solution File, Format Version 12.00
# Visual Studio 2012
Project("{FAE04EC0-301F-11D3-BF4B-00C04F79EFBC}") = "SteamStatusWeb", "SteamStatusWeb\SteamStatusWeb.csproj", "{DA1F4717-6257-4737-8903-8E7D6585ADD8}"
EndProject
Project("{FAE04EC0-301F-11D3-BF4B-00C04F79EFBC}") = "StatusService", "StatusService\StatusService.csproj", "{16A036E0-6EEE-4EE7-BB3E-B532EEF96BF5}"
EndProject
Global
	GlobalSection(SolutionConfigurationPlatforms) = preSolution
		Debug|Any CPU = Debug|Any CPU
		Release|Any CPU = Release|Any CPU
	EndGlobalSection
	GlobalSection(ProjectConfigurationPlatforms) = postSolution
		{DA1F4717-6257-4737-8903-8E7D6585ADD8}.Debug|Any CPU.ActiveCfg = Debug|Any CPU
		{DA1F4717-6257-4737-8903-8E7D6585ADD8}.Debug|Any CPU.Build.0 = Debug|Any CPU
		{DA1F4717-6257-4737-8903-8E7D6585ADD8}.Release|Any CPU.ActiveCfg = Release|Any CPU
		{DA1F4717-6257-4737-8903-8E7D6585ADD8}.Release|Any CPU.Build.0 = Release|Any CPU
		{16A036E0-6EEE-4EE7-BB3E-B532EEF96BF5}.Debug|Any CPU.ActiveCfg = Debug|Any CPU
		{16A036E0-6EEE-4EE7-BB3E-B532EEF96BF5}.Debug|Any CPU.Build.0 = Debug|Any CPU
		{16A036E0-6EEE-4EE7-BB3E-B532EEF96BF5}.Release|Any CPU.ActiveCfg = Release|Any CPU
		{16A036E0-6EEE-4EE7-BB3E-B532EEF96BF5}.Release|Any CPU.Build.0 = Release|Any CPU
	EndGlobalSection
	GlobalSection(SolutionProperties) = preSolution
		HideSolutionNode = FALSE
	EndGlobalSection
EndGlobal
